("quicklisp" .
 (:class qlot/source/dist:source-dist
  :initargs (:distribution "https://beta.quicklisp.org/dist/quicklisp.txt" :%version :latest)
  :version "2026-01-01"))
("trivial-gray-streams" .
 (:class qlot/source/ql:source-ql
  :initargs (:%version :latest)
  :version "ql-2024-10-12"))
("alexandria" .
 (:class qlot/source/ql:source-ql
  :initargs (:%version :latest)
  :version "ql-2024-10-12"))
("serapeum" .
 (:class qlot/source/ql:source-ql
  :initargs (:%version :latest)
  :version "ql-2026-01-01"))
("zlib" .
 (:class qlot/source/ql:source-ql
  :initargs (:%version :latest)
  :version "ql-2017-04-03"))
("array-operations" .
 (:class qlot/source/ql:source-ql
  :initargs (:%version :latest)
  :version "ql-2023-10-21"))
("flexi-streams" .
 (:class qlot/source/ql:source-ql
  :initargs (:%version :latest)
  :version "ql-2024-10-12"))
("fiveam" .
 (:class qlot/source/ql:source-ql
  :initargs (:%version :latest)
  :version "ql-2024-10-12"))
("jpeg-turbo" .
 (:class qlot/source/ql:source-ql
  :initargs (:%version :latest)
  :version "ql-2026-01-01"))
("pngload" .
 (:class qlot/source/ql:source-ql
  :initargs (:%version :latest)
  :version "ql-2024-10-12"))
("zpng" .
 (:class qlot/source/ql:source-ql
  :initargs (:%version :latest)
  :version "ql-2015-04-07"))
("float-features" .
 (:class qlot/source/ql:source-ql
  :initargs (:%version :latest)
  :version "ql-2026-01-01"))
("cl-libheif" .
 (:class qlot/source/github:source-github
  :initargs (:repos "shamazmazum/cl-libheif" :ref nil :branch nil :tag "v1.0.1")
  :version "github-6587cf1ca06996e29efa29afff068e670e351c46"))
("cl-jpeg" .
 (:class qlot/source/github:source-github
  :initargs (:repos "sharplispers/cl-jpeg" :ref nil :branch nil :tag nil)
  :version "github-bef2c3bb64dd19cb31c26338dcbecbf2542a2619"))
("cl-libtiff" .
 (:class qlot/source/github:source-github
  :initargs (:repos "shamazmazum/cl-libtiff" :ref nil :branch nil :tag "v0.1")
  :version "github-14587dbb916dc4dad4e68bc66e4b5844b011d693"))
